
Microsoft Visual Studio Solution File, Format Version 12.00
Project("{2150E333-8FDC-42A3-9474-1A3956D46DE8}") = "src", "src", "{54017868-3956-4EF8-A7AE-CA6BCFEC2482}"
EndProject
Project("{2150E333-8FDC-42A3-9474-1A3956D46DE8}") = "test", "test", "{51A0FA1B-9E6A-401D-8B8A-4287853A2C38}"
EndProject
Project("{2150E333-8FDC-42A3-9474-1A3956D46DE8}") = "sample", "sample", "{081B7B2A-A045-418B-AEC9-A024FEF3E286}"
EndProject
Project("{2150E333-8FDC-42A3-9474-1A3956D46DE8}") = "Ordering", "Ordering", "{524E81AC-41C3-4F5D-ACFC-DA47C0E05BBB}"
ProjectSection(SolutionItems) = preProject
	sample\Ordering\Makefile = sample\Ordering\Makefile
EndProjectSection
EndProject
Project("{FAE04EC0-301F-11D3-BF4B-00C04F79EFBC}") = "Ordering.API", "sample\Ordering\Ordering.API\Ordering.API.csproj", "{7D8A7059-3E0C-4E7E-BEE3-EF0B7E55B6EA}"
EndProject
Project("{2150E333-8FDC-42A3-9474-1A3956D46DE8}") = "Modules", "Modules", "{22154006-08F6-4298-A7EC-C8323EF0EEBA}"
EndProject
Project("{2150E333-8FDC-42A3-9474-1A3956D46DE8}") = "Core", "Core", "{A18D2588-566A-479D-A60F-B894E5BCC6CA}"
EndProject
Project("{2150E333-8FDC-42A3-9474-1A3956D46DE8}") = "WebApi", "WebApi", "{90B3F661-F979-474C-856D-A4A12C2E8072}"
EndProject
Project("{2150E333-8FDC-42A3-9474-1A3956D46DE8}") = "CQRS", "CQRS", "{D1446AE8-9583-435C-8CDF-AB6F978D55E6}"
EndProject
Project("{2150E333-8FDC-42A3-9474-1A3956D46DE8}") = "DDD", "DDD", "{6D68A882-B338-4641-B57C-67CF02637C98}"
EndProject
Project("{FAE04EC0-301F-11D3-BF4B-00C04F79EFBC}") = "BareBones", "src\Modules\Core\BareBones\BareBones.csproj", "{4B142B13-1C48-42F4-ADBD-EAF578250BA5}"
EndProject
Project("{FAE04EC0-301F-11D3-BF4B-00C04F79EFBC}") = "BareBones.Domain", "src\Modules\DDD\BareBones.Domain\BareBones.Domain.csproj", "{6CDFEFCE-1091-403C-BA44-31B180EA93C0}"
EndProject
Project("{FAE04EC0-301F-11D3-BF4B-00C04F79EFBC}") = "BareBones.WebApi", "src\Modules\WebApi\BareBones.WebApi\BareBones.WebApi.csproj", "{71BE86D1-2AE6-4E57-ADDA-A91FBBB36E4F}"
EndProject
Project("{FAE04EC0-301F-11D3-BF4B-00C04F79EFBC}") = "BareBones.DDD.UnitTests", "src\Modules\DDD\BareBones.DDD.UnitTests\BareBones.DDD.UnitTests.csproj", "{11AD1044-907E-42AE-B2CB-227BF174B7B1}"
EndProject
Project("{2150E333-8FDC-42A3-9474-1A3956D46DE8}") = "Persistence", "Persistence", "{56D660F7-EF53-4994-905E-49EF68EDC7C2}"
EndProject
Project("{2150E333-8FDC-42A3-9474-1A3956D46DE8}") = "DynamoDB", "DynamoDB", "{7B2C9F5E-7033-4DEF-A929-FF47345ED612}"
EndProject
Project("{2150E333-8FDC-42A3-9474-1A3956D46DE8}") = "EntityFramework", "EntityFramework", "{02246688-4A48-4266-8BB6-675AF1319CB7}"
EndProject
Project("{FAE04EC0-301F-11D3-BF4B-00C04F79EFBC}") = "BareBones.Persistence.EntityFramework", "src\Modules\Persistence\EntityFramework\BareBones.Persistence.EntityFramework\BareBones.Persistence.EntityFramework.csproj", "{375BE83E-7135-4212-9492-5174A7035D8E}"
EndProject
Project("{FAE04EC0-301F-11D3-BF4B-00C04F79EFBC}") = "Ordering.Persistence", "sample\Ordering\Ordering.Persistence\Ordering.Persistence.csproj", "{2A3CDE8E-D581-4045-8DEB-8F63F9D7333E}"
EndProject
Project("{FAE04EC0-301F-11D3-BF4B-00C04F79EFBC}") = "Ordering.Domain", "sample\Ordering\Ordering.Domain\Ordering.Domain.csproj", "{8E2E75B9-0372-4AD7-A5D9-DEC15B7E0DA0}"
EndProject
Project("{FAE04EC0-301F-11D3-BF4B-00C04F79EFBC}") = "BareBones.CQRS.Queries", "src\Modules\CQRS\BareBones.CQRS.Queries\BareBones.CQRS.Queries.csproj", "{0A58C967-FDD2-4D7D-A4D7-9156A87F473F}"
EndProject
Project("{FAE04EC0-301F-11D3-BF4B-00C04F79EFBC}") = "BareBones.CQRS", "src\Modules\CQRS\BareBones.CQRS\BareBones.CQRS.csproj", "{FF5E65C6-29F6-4575-B695-E4CE293B26CD}"
EndProject
Project("{FAE04EC0-301F-11D3-BF4B-00C04F79EFBC}") = "BareBones.CQRS.CommandDispatchers", "src\Modules\CQRS\BareBones.CQRS.CommandDispatchers\BareBones.CQRS.CommandDispatchers.csproj", "{1FC715E0-6036-4CB4-BC42-6DEE55B9D2EC}"
EndProject
Project("{FAE04EC0-301F-11D3-BF4B-00C04F79EFBC}") = "BareBones.CQRS.CommandGateway", "src\Modules\CQRS\BareBones.CQRS.CommandGateway\BareBones.CQRS.CommandGateway.csproj", "{BCDB798A-E1D5-40C8-8B73-A1687F41C8BB}"
EndProject
Project("{2150E333-8FDC-42A3-9474-1A3956D46DE8}") = "Messaging", "Messaging", "{F9D6B4D6-63B8-4D84-A4D6-F505F6523DB5}"
EndProject
Project("{FAE04EC0-301F-11D3-BF4B-00C04F79EFBC}") = "BareBones.Messaging", "src\Modules\Messaging\BareBones.Messaging\BareBones.Messaging.csproj", "{1D830CB6-5D57-484A-B28C-827C8D13860B}"
EndProject
Project("{FAE04EC0-301F-11D3-BF4B-00C04F79EFBC}") = "BareBones.Messaging.CQRS", "src\Modules\Messaging\BareBones.Messaging.CQRS\BareBones.Messaging.CQRS.csproj", "{D727D1AB-ECF3-4FB9-BA82-DAA93FC7AFB9}"
EndProject
Project("{FAE04EC0-301F-11D3-BF4B-00C04F79EFBC}") = "BareBones.Messaging.Kafka", "src\Modules\Messaging\BareBones.Messaging.Kafka\BareBones.Messaging.Kafka.csproj", "{CD9BAF7E-69FA-4717-A048-A9AA7DFCFA7F}"
EndProject
Global
	GlobalSection(SolutionConfigurationPlatforms) = preSolution
		Debug|Any CPU = Debug|Any CPU
		Release|Any CPU = Release|Any CPU
	EndGlobalSection
	GlobalSection(NestedProjects) = preSolution
		{524E81AC-41C3-4F5D-ACFC-DA47C0E05BBB} = {081B7B2A-A045-418B-AEC9-A024FEF3E286}
		{7D8A7059-3E0C-4E7E-BEE3-EF0B7E55B6EA} = {524E81AC-41C3-4F5D-ACFC-DA47C0E05BBB}
		{22154006-08F6-4298-A7EC-C8323EF0EEBA} = {54017868-3956-4EF8-A7AE-CA6BCFEC2482}
		{A18D2588-566A-479D-A60F-B894E5BCC6CA} = {22154006-08F6-4298-A7EC-C8323EF0EEBA}
		{90B3F661-F979-474C-856D-A4A12C2E8072} = {22154006-08F6-4298-A7EC-C8323EF0EEBA}
		{D1446AE8-9583-435C-8CDF-AB6F978D55E6} = {22154006-08F6-4298-A7EC-C8323EF0EEBA}
		{6D68A882-B338-4641-B57C-67CF02637C98} = {22154006-08F6-4298-A7EC-C8323EF0EEBA}
		{4B142B13-1C48-42F4-ADBD-EAF578250BA5} = {A18D2588-566A-479D-A60F-B894E5BCC6CA}
		{6CDFEFCE-1091-403C-BA44-31B180EA93C0} = {6D68A882-B338-4641-B57C-67CF02637C98}
		{71BE86D1-2AE6-4E57-ADDA-A91FBBB36E4F} = {90B3F661-F979-474C-856D-A4A12C2E8072}
		{11AD1044-907E-42AE-B2CB-227BF174B7B1} = {6D68A882-B338-4641-B57C-67CF02637C98}
		{56D660F7-EF53-4994-905E-49EF68EDC7C2} = {22154006-08F6-4298-A7EC-C8323EF0EEBA}
		{7B2C9F5E-7033-4DEF-A929-FF47345ED612} = {56D660F7-EF53-4994-905E-49EF68EDC7C2}
		{02246688-4A48-4266-8BB6-675AF1319CB7} = {56D660F7-EF53-4994-905E-49EF68EDC7C2}
		{2A3CDE8E-D581-4045-8DEB-8F63F9D7333E} = {524E81AC-41C3-4F5D-ACFC-DA47C0E05BBB}
		{8E2E75B9-0372-4AD7-A5D9-DEC15B7E0DA0} = {524E81AC-41C3-4F5D-ACFC-DA47C0E05BBB}
		{0A58C967-FDD2-4D7D-A4D7-9156A87F473F} = {D1446AE8-9583-435C-8CDF-AB6F978D55E6}
		{375BE83E-7135-4212-9492-5174A7035D8E} = {02246688-4A48-4266-8BB6-675AF1319CB7}
		{FF5E65C6-29F6-4575-B695-E4CE293B26CD} = {D1446AE8-9583-435C-8CDF-AB6F978D55E6}
		{1FC715E0-6036-4CB4-BC42-6DEE55B9D2EC} = {D1446AE8-9583-435C-8CDF-AB6F978D55E6}
		{BCDB798A-E1D5-40C8-8B73-A1687F41C8BB} = {D1446AE8-9583-435C-8CDF-AB6F978D55E6}
		{F9D6B4D6-63B8-4D84-A4D6-F505F6523DB5} = {22154006-08F6-4298-A7EC-C8323EF0EEBA}
		{1D830CB6-5D57-484A-B28C-827C8D13860B} = {F9D6B4D6-63B8-4D84-A4D6-F505F6523DB5}
		{D727D1AB-ECF3-4FB9-BA82-DAA93FC7AFB9} = {F9D6B4D6-63B8-4D84-A4D6-F505F6523DB5}
		{CD9BAF7E-69FA-4717-A048-A9AA7DFCFA7F} = {F9D6B4D6-63B8-4D84-A4D6-F505F6523DB5}
	EndGlobalSection
	GlobalSection(ProjectConfigurationPlatforms) = postSolution
		{7D8A7059-3E0C-4E7E-BEE3-EF0B7E55B6EA}.Debug|Any CPU.ActiveCfg = Debug|Any CPU
		{7D8A7059-3E0C-4E7E-BEE3-EF0B7E55B6EA}.Debug|Any CPU.Build.0 = Debug|Any CPU
		{7D8A7059-3E0C-4E7E-BEE3-EF0B7E55B6EA}.Release|Any CPU.ActiveCfg = Release|Any CPU
		{7D8A7059-3E0C-4E7E-BEE3-EF0B7E55B6EA}.Release|Any CPU.Build.0 = Release|Any CPU
		{4B142B13-1C48-42F4-ADBD-EAF578250BA5}.Debug|Any CPU.ActiveCfg = Debug|Any CPU
		{4B142B13-1C48-42F4-ADBD-EAF578250BA5}.Debug|Any CPU.Build.0 = Debug|Any CPU
		{4B142B13-1C48-42F4-ADBD-EAF578250BA5}.Release|Any CPU.ActiveCfg = Release|Any CPU
		{4B142B13-1C48-42F4-ADBD-EAF578250BA5}.Release|Any CPU.Build.0 = Release|Any CPU
		{6CDFEFCE-1091-403C-BA44-31B180EA93C0}.Debug|Any CPU.ActiveCfg = Debug|Any CPU
		{6CDFEFCE-1091-403C-BA44-31B180EA93C0}.Debug|Any CPU.Build.0 = Debug|Any CPU
		{6CDFEFCE-1091-403C-BA44-31B180EA93C0}.Release|Any CPU.ActiveCfg = Release|Any CPU
		{6CDFEFCE-1091-403C-BA44-31B180EA93C0}.Release|Any CPU.Build.0 = Release|Any CPU
		{71BE86D1-2AE6-4E57-ADDA-A91FBBB36E4F}.Debug|Any CPU.ActiveCfg = Debug|Any CPU
		{71BE86D1-2AE6-4E57-ADDA-A91FBBB36E4F}.Debug|Any CPU.Build.0 = Debug|Any CPU
		{71BE86D1-2AE6-4E57-ADDA-A91FBBB36E4F}.Release|Any CPU.ActiveCfg = Release|Any CPU
		{71BE86D1-2AE6-4E57-ADDA-A91FBBB36E4F}.Release|Any CPU.Build.0 = Release|Any CPU
		{11AD1044-907E-42AE-B2CB-227BF174B7B1}.Debug|Any CPU.ActiveCfg = Debug|Any CPU
		{11AD1044-907E-42AE-B2CB-227BF174B7B1}.Debug|Any CPU.Build.0 = Debug|Any CPU
		{11AD1044-907E-42AE-B2CB-227BF174B7B1}.Release|Any CPU.ActiveCfg = Release|Any CPU
		{11AD1044-907E-42AE-B2CB-227BF174B7B1}.Release|Any CPU.Build.0 = Release|Any CPU
		{375BE83E-7135-4212-9492-5174A7035D8E}.Debug|Any CPU.ActiveCfg = Debug|Any CPU
		{375BE83E-7135-4212-9492-5174A7035D8E}.Debug|Any CPU.Build.0 = Debug|Any CPU
		{375BE83E-7135-4212-9492-5174A7035D8E}.Release|Any CPU.ActiveCfg = Release|Any CPU
		{375BE83E-7135-4212-9492-5174A7035D8E}.Release|Any CPU.Build.0 = Release|Any CPU
		{2A3CDE8E-D581-4045-8DEB-8F63F9D7333E}.Debug|Any CPU.ActiveCfg = Debug|Any CPU
		{2A3CDE8E-D581-4045-8DEB-8F63F9D7333E}.Debug|Any CPU.Build.0 = Debug|Any CPU
		{2A3CDE8E-D581-4045-8DEB-8F63F9D7333E}.Release|Any CPU.ActiveCfg = Release|Any CPU
		{2A3CDE8E-D581-4045-8DEB-8F63F9D7333E}.Release|Any CPU.Build.0 = Release|Any CPU
		{8E2E75B9-0372-4AD7-A5D9-DEC15B7E0DA0}.Debug|Any CPU.ActiveCfg = Debug|Any CPU
		{8E2E75B9-0372-4AD7-A5D9-DEC15B7E0DA0}.Debug|Any CPU.Build.0 = Debug|Any CPU
		{8E2E75B9-0372-4AD7-A5D9-DEC15B7E0DA0}.Release|Any CPU.ActiveCfg = Release|Any CPU
		{8E2E75B9-0372-4AD7-A5D9-DEC15B7E0DA0}.Release|Any CPU.Build.0 = Release|Any CPU
		{0A58C967-FDD2-4D7D-A4D7-9156A87F473F}.Debug|Any CPU.ActiveCfg = Debug|Any CPU
		{0A58C967-FDD2-4D7D-A4D7-9156A87F473F}.Debug|Any CPU.Build.0 = Debug|Any CPU
		{0A58C967-FDD2-4D7D-A4D7-9156A87F473F}.Release|Any CPU.ActiveCfg = Release|Any CPU
		{0A58C967-FDD2-4D7D-A4D7-9156A87F473F}.Release|Any CPU.Build.0 = Release|Any CPU
		{FF5E65C6-29F6-4575-B695-E4CE293B26CD}.Debug|Any CPU.ActiveCfg = Debug|Any CPU
		{FF5E65C6-29F6-4575-B695-E4CE293B26CD}.Debug|Any CPU.Build.0 = Debug|Any CPU
		{FF5E65C6-29F6-4575-B695-E4CE293B26CD}.Release|Any CPU.ActiveCfg = Release|Any CPU
		{FF5E65C6-29F6-4575-B695-E4CE293B26CD}.Release|Any CPU.Build.0 = Release|Any CPU
		{1FC715E0-6036-4CB4-BC42-6DEE55B9D2EC}.Debug|Any CPU.ActiveCfg = Debug|Any CPU
		{1FC715E0-6036-4CB4-BC42-6DEE55B9D2EC}.Debug|Any CPU.Build.0 = Debug|Any CPU
		{1FC715E0-6036-4CB4-BC42-6DEE55B9D2EC}.Release|Any CPU.ActiveCfg = Release|Any CPU
		{1FC715E0-6036-4CB4-BC42-6DEE55B9D2EC}.Release|Any CPU.Build.0 = Release|Any CPU
		{BCDB798A-E1D5-40C8-8B73-A1687F41C8BB}.Debug|Any CPU.ActiveCfg = Debug|Any CPU
		{BCDB798A-E1D5-40C8-8B73-A1687F41C8BB}.Debug|Any CPU.Build.0 = Debug|Any CPU
		{BCDB798A-E1D5-40C8-8B73-A1687F41C8BB}.Release|Any CPU.ActiveCfg = Release|Any CPU
		{BCDB798A-E1D5-40C8-8B73-A1687F41C8BB}.Release|Any CPU.Build.0 = Release|Any CPU
		{1D830CB6-5D57-484A-B28C-827C8D13860B}.Debug|Any CPU.ActiveCfg = Debug|Any CPU
		{1D830CB6-5D57-484A-B28C-827C8D13860B}.Debug|Any CPU.Build.0 = Debug|Any CPU
		{1D830CB6-5D57-484A-B28C-827C8D13860B}.Release|Any CPU.ActiveCfg = Release|Any CPU
		{1D830CB6-5D57-484A-B28C-827C8D13860B}.Release|Any CPU.Build.0 = Release|Any CPU
		{D727D1AB-ECF3-4FB9-BA82-DAA93FC7AFB9}.Debug|Any CPU.ActiveCfg = Debug|Any CPU
		{D727D1AB-ECF3-4FB9-BA82-DAA93FC7AFB9}.Debug|Any CPU.Build.0 = Debug|Any CPU
		{D727D1AB-ECF3-4FB9-BA82-DAA93FC7AFB9}.Release|Any CPU.ActiveCfg = Release|Any CPU
		{D727D1AB-ECF3-4FB9-BA82-DAA93FC7AFB9}.Release|Any CPU.Build.0 = Release|Any CPU
		{CD9BAF7E-69FA-4717-A048-A9AA7DFCFA7F}.Debug|Any CPU.ActiveCfg = Debug|Any CPU
		{CD9BAF7E-69FA-4717-A048-A9AA7DFCFA7F}.Debug|Any CPU.Build.0 = Debug|Any CPU
		{CD9BAF7E-69FA-4717-A048-A9AA7DFCFA7F}.Release|Any CPU.ActiveCfg = Release|Any CPU
		{CD9BAF7E-69FA-4717-A048-A9AA7DFCFA7F}.Release|Any CPU.Build.0 = Release|Any CPU
	EndGlobalSection
EndGlobal
