
Microsoft Visual Studio Solution File, Format Version 12.00
Project("{2150E333-8FDC-42A3-9474-1A3956D46DE8}") = "src", "src", "{54017868-3956-4EF8-A7AE-CA6BCFEC2482}"
EndProject
Project("{2150E333-8FDC-42A3-9474-1A3956D46DE8}") = "test", "test", "{51A0FA1B-9E6A-401D-8B8A-4287853A2C38}"
EndProject
Project("{2150E333-8FDC-42A3-9474-1A3956D46DE8}") = "sample", "sample", "{081B7B2A-A045-418B-AEC9-A024FEF3E286}"
EndProject
Project("{2150E333-8FDC-42A3-9474-1A3956D46DE8}") = "Ordering", "Ordering", "{524E81AC-41C3-4F5D-ACFC-DA47C0E05BBB}"
EndProject
Project("{FAE04EC0-301F-11D3-BF4B-00C04F79EFBC}") = "Ordering.API", "sample\Ordering\Ordering.API\Ordering.API.csproj", "{7D8A7059-3E0C-4E7E-BEE3-EF0B7E55B6EA}"
EndProject
Project("{2150E333-8FDC-42A3-9474-1A3956D46DE8}") = "Modules", "Modules", "{22154006-08F6-4298-A7EC-C8323EF0EEBA}"
EndProject
Project("{2150E333-8FDC-42A3-9474-1A3956D46DE8}") = "Core", "Core", "{A18D2588-566A-479D-A60F-B894E5BCC6CA}"
EndProject
Project("{2150E333-8FDC-42A3-9474-1A3956D46DE8}") = "WebApi", "WebApi", "{90B3F661-F979-474C-856D-A4A12C2E8072}"
EndProject
Project("{2150E333-8FDC-42A3-9474-1A3956D46DE8}") = "CQRS", "CQRS", "{D1446AE8-9583-435C-8CDF-AB6F978D55E6}"
EndProject
Project("{2150E333-8FDC-42A3-9474-1A3956D46DE8}") = "DDD", "DDD", "{6D68A882-B338-4641-B57C-67CF02637C98}"
EndProject
Project("{FAE04EC0-301F-11D3-BF4B-00C04F79EFBC}") = "BareBones.Core", "src\Modules\Core\BareBones.Core\BareBones.Core.csproj", "{4B142B13-1C48-42F4-ADBD-EAF578250BA5}"
EndProject
Project("{FAE04EC0-301F-11D3-BF4B-00C04F79EFBC}") = "BareBones.CQRS", "src\Modules\CQRS\BareBones.CQRS\BareBones.CQRS.csproj", "{6CCC9287-3931-412D-B8DD-8172C3F61A32}"
EndProject
Project("{FAE04EC0-301F-11D3-BF4B-00C04F79EFBC}") = "BareBones.DDD", "src\Modules\DDD\BareBones.DDD\BareBones.DDD.csproj", "{6CDFEFCE-1091-403C-BA44-31B180EA93C0}"
EndProject
Project("{FAE04EC0-301F-11D3-BF4B-00C04F79EFBC}") = "BareBones.WebApi", "src\Modules\WebApi\BareBones.WebApi\BareBones.WebApi.csproj", "{71BE86D1-2AE6-4E57-ADDA-A91FBBB36E4F}"
EndProject
Project("{FAE04EC0-301F-11D3-BF4B-00C04F79EFBC}") = "BareBones.DDD.UnitTests", "src\Modules\DDD\BareBones.DDD.UnitTests\BareBones.DDD.UnitTests.csproj", "{11AD1044-907E-42AE-B2CB-227BF174B7B1}"
EndProject
Global
	GlobalSection(SolutionConfigurationPlatforms) = preSolution
		Debug|Any CPU = Debug|Any CPU
		Release|Any CPU = Release|Any CPU
	EndGlobalSection
	GlobalSection(NestedProjects) = preSolution
		{524E81AC-41C3-4F5D-ACFC-DA47C0E05BBB} = {081B7B2A-A045-418B-AEC9-A024FEF3E286}
		{7D8A7059-3E0C-4E7E-BEE3-EF0B7E55B6EA} = {524E81AC-41C3-4F5D-ACFC-DA47C0E05BBB}
		{22154006-08F6-4298-A7EC-C8323EF0EEBA} = {54017868-3956-4EF8-A7AE-CA6BCFEC2482}
		{A18D2588-566A-479D-A60F-B894E5BCC6CA} = {22154006-08F6-4298-A7EC-C8323EF0EEBA}
		{90B3F661-F979-474C-856D-A4A12C2E8072} = {22154006-08F6-4298-A7EC-C8323EF0EEBA}
		{D1446AE8-9583-435C-8CDF-AB6F978D55E6} = {22154006-08F6-4298-A7EC-C8323EF0EEBA}
		{6D68A882-B338-4641-B57C-67CF02637C98} = {22154006-08F6-4298-A7EC-C8323EF0EEBA}
		{4B142B13-1C48-42F4-ADBD-EAF578250BA5} = {A18D2588-566A-479D-A60F-B894E5BCC6CA}
		{6CCC9287-3931-412D-B8DD-8172C3F61A32} = {D1446AE8-9583-435C-8CDF-AB6F978D55E6}
		{6CDFEFCE-1091-403C-BA44-31B180EA93C0} = {6D68A882-B338-4641-B57C-67CF02637C98}
		{71BE86D1-2AE6-4E57-ADDA-A91FBBB36E4F} = {90B3F661-F979-474C-856D-A4A12C2E8072}
		{11AD1044-907E-42AE-B2CB-227BF174B7B1} = {6D68A882-B338-4641-B57C-67CF02637C98}
	EndGlobalSection
	GlobalSection(ProjectConfigurationPlatforms) = postSolution
		{7D8A7059-3E0C-4E7E-BEE3-EF0B7E55B6EA}.Debug|Any CPU.ActiveCfg = Debug|Any CPU
		{7D8A7059-3E0C-4E7E-BEE3-EF0B7E55B6EA}.Debug|Any CPU.Build.0 = Debug|Any CPU
		{7D8A7059-3E0C-4E7E-BEE3-EF0B7E55B6EA}.Release|Any CPU.ActiveCfg = Release|Any CPU
		{7D8A7059-3E0C-4E7E-BEE3-EF0B7E55B6EA}.Release|Any CPU.Build.0 = Release|Any CPU
		{4B142B13-1C48-42F4-ADBD-EAF578250BA5}.Debug|Any CPU.ActiveCfg = Debug|Any CPU
		{4B142B13-1C48-42F4-ADBD-EAF578250BA5}.Debug|Any CPU.Build.0 = Debug|Any CPU
		{4B142B13-1C48-42F4-ADBD-EAF578250BA5}.Release|Any CPU.ActiveCfg = Release|Any CPU
		{4B142B13-1C48-42F4-ADBD-EAF578250BA5}.Release|Any CPU.Build.0 = Release|Any CPU
		{6CCC9287-3931-412D-B8DD-8172C3F61A32}.Debug|Any CPU.ActiveCfg = Debug|Any CPU
		{6CCC9287-3931-412D-B8DD-8172C3F61A32}.Debug|Any CPU.Build.0 = Debug|Any CPU
		{6CCC9287-3931-412D-B8DD-8172C3F61A32}.Release|Any CPU.ActiveCfg = Release|Any CPU
		{6CCC9287-3931-412D-B8DD-8172C3F61A32}.Release|Any CPU.Build.0 = Release|Any CPU
		{6CDFEFCE-1091-403C-BA44-31B180EA93C0}.Debug|Any CPU.ActiveCfg = Debug|Any CPU
		{6CDFEFCE-1091-403C-BA44-31B180EA93C0}.Debug|Any CPU.Build.0 = Debug|Any CPU
		{6CDFEFCE-1091-403C-BA44-31B180EA93C0}.Release|Any CPU.ActiveCfg = Release|Any CPU
		{6CDFEFCE-1091-403C-BA44-31B180EA93C0}.Release|Any CPU.Build.0 = Release|Any CPU
		{71BE86D1-2AE6-4E57-ADDA-A91FBBB36E4F}.Debug|Any CPU.ActiveCfg = Debug|Any CPU
		{71BE86D1-2AE6-4E57-ADDA-A91FBBB36E4F}.Debug|Any CPU.Build.0 = Debug|Any CPU
		{71BE86D1-2AE6-4E57-ADDA-A91FBBB36E4F}.Release|Any CPU.ActiveCfg = Release|Any CPU
		{71BE86D1-2AE6-4E57-ADDA-A91FBBB36E4F}.Release|Any CPU.Build.0 = Release|Any CPU
		{11AD1044-907E-42AE-B2CB-227BF174B7B1}.Debug|Any CPU.ActiveCfg = Debug|Any CPU
		{11AD1044-907E-42AE-B2CB-227BF174B7B1}.Debug|Any CPU.Build.0 = Debug|Any CPU
		{11AD1044-907E-42AE-B2CB-227BF174B7B1}.Release|Any CPU.ActiveCfg = Release|Any CPU
		{11AD1044-907E-42AE-B2CB-227BF174B7B1}.Release|Any CPU.Build.0 = Release|Any CPU
	EndGlobalSection
EndGlobal
