
Microsoft Visual Studio Solution File, Format Version 12.00
Project("{2150E333-8FDC-42A3-9474-1A3956D46DE8}") = "src", "src", "{54017868-3956-4EF8-A7AE-CA6BCFEC2482}"
EndProject
Project("{2150E333-8FDC-42A3-9474-1A3956D46DE8}") = "test", "test", "{51A0FA1B-9E6A-401D-8B8A-4287853A2C38}"
EndProject
Project("{2150E333-8FDC-42A3-9474-1A3956D46DE8}") = "sample", "sample", "{081B7B2A-A045-418B-AEC9-A024FEF3E286}"
EndProject
Project("{FAE04EC0-301F-11D3-BF4B-00C04F79EFBC}") = "BareBones", "src\BareBones\BareBones.csproj", "{FE59ADE4-BB86-4CAD-9F15-7E8A5706D0C2}"
EndProject
Project("{2150E333-8FDC-42A3-9474-1A3956D46DE8}") = "Ordering", "Ordering", "{524E81AC-41C3-4F5D-ACFC-DA47C0E05BBB}"
EndProject
Project("{FAE04EC0-301F-11D3-BF4B-00C04F79EFBC}") = "Ordering.API", "sample\Ordering\Ordering.API\Ordering.API.csproj", "{7D8A7059-3E0C-4E7E-BEE3-EF0B7E55B6EA}"
EndProject
Project("{FAE04EC0-301F-11D3-BF4B-00C04F79EFBC}") = "BareBones.WebApi", "src\BareBones.WebApi\BareBones.WebApi.csproj", "{AA508259-0DA5-4816-970E-0E0E06AD0109}"
EndProject
Project("{FAE04EC0-301F-11D3-BF4B-00C04F79EFBC}") = "BareBones.CQRS", "src\BareBones.CQRS\BareBones.CQRS.csproj", "{44E28A85-C339-43BD-8F74-3A6756CE81DC}"
EndProject
Project("{FAE04EC0-301F-11D3-BF4B-00C04F79EFBC}") = "BareBones.DDD", "src\BareBones.DDD\BareBones.DDD.csproj", "{5E3956CF-4636-4AEC-A105-11BBE2BEA7B5}"
EndProject
Global
	GlobalSection(SolutionConfigurationPlatforms) = preSolution
		Debug|Any CPU = Debug|Any CPU
		Release|Any CPU = Release|Any CPU
	EndGlobalSection
	GlobalSection(NestedProjects) = preSolution
		{FE59ADE4-BB86-4CAD-9F15-7E8A5706D0C2} = {54017868-3956-4EF8-A7AE-CA6BCFEC2482}
		{524E81AC-41C3-4F5D-ACFC-DA47C0E05BBB} = {081B7B2A-A045-418B-AEC9-A024FEF3E286}
		{7D8A7059-3E0C-4E7E-BEE3-EF0B7E55B6EA} = {524E81AC-41C3-4F5D-ACFC-DA47C0E05BBB}
		{AA508259-0DA5-4816-970E-0E0E06AD0109} = {54017868-3956-4EF8-A7AE-CA6BCFEC2482}
		{44E28A85-C339-43BD-8F74-3A6756CE81DC} = {54017868-3956-4EF8-A7AE-CA6BCFEC2482}
		{5E3956CF-4636-4AEC-A105-11BBE2BEA7B5} = {54017868-3956-4EF8-A7AE-CA6BCFEC2482}
	EndGlobalSection
	GlobalSection(ProjectConfigurationPlatforms) = postSolution
		{FE59ADE4-BB86-4CAD-9F15-7E8A5706D0C2}.Debug|Any CPU.ActiveCfg = Debug|Any CPU
		{FE59ADE4-BB86-4CAD-9F15-7E8A5706D0C2}.Debug|Any CPU.Build.0 = Debug|Any CPU
		{FE59ADE4-BB86-4CAD-9F15-7E8A5706D0C2}.Release|Any CPU.ActiveCfg = Release|Any CPU
		{FE59ADE4-BB86-4CAD-9F15-7E8A5706D0C2}.Release|Any CPU.Build.0 = Release|Any CPU
		{7D8A7059-3E0C-4E7E-BEE3-EF0B7E55B6EA}.Debug|Any CPU.ActiveCfg = Debug|Any CPU
		{7D8A7059-3E0C-4E7E-BEE3-EF0B7E55B6EA}.Debug|Any CPU.Build.0 = Debug|Any CPU
		{7D8A7059-3E0C-4E7E-BEE3-EF0B7E55B6EA}.Release|Any CPU.ActiveCfg = Release|Any CPU
		{7D8A7059-3E0C-4E7E-BEE3-EF0B7E55B6EA}.Release|Any CPU.Build.0 = Release|Any CPU
		{AA508259-0DA5-4816-970E-0E0E06AD0109}.Debug|Any CPU.ActiveCfg = Debug|Any CPU
		{AA508259-0DA5-4816-970E-0E0E06AD0109}.Debug|Any CPU.Build.0 = Debug|Any CPU
		{AA508259-0DA5-4816-970E-0E0E06AD0109}.Release|Any CPU.ActiveCfg = Release|Any CPU
		{AA508259-0DA5-4816-970E-0E0E06AD0109}.Release|Any CPU.Build.0 = Release|Any CPU
		{44E28A85-C339-43BD-8F74-3A6756CE81DC}.Debug|Any CPU.ActiveCfg = Debug|Any CPU
		{44E28A85-C339-43BD-8F74-3A6756CE81DC}.Debug|Any CPU.Build.0 = Debug|Any CPU
		{44E28A85-C339-43BD-8F74-3A6756CE81DC}.Release|Any CPU.ActiveCfg = Release|Any CPU
		{44E28A85-C339-43BD-8F74-3A6756CE81DC}.Release|Any CPU.Build.0 = Release|Any CPU
		{5E3956CF-4636-4AEC-A105-11BBE2BEA7B5}.Debug|Any CPU.ActiveCfg = Debug|Any CPU
		{5E3956CF-4636-4AEC-A105-11BBE2BEA7B5}.Debug|Any CPU.Build.0 = Debug|Any CPU
		{5E3956CF-4636-4AEC-A105-11BBE2BEA7B5}.Release|Any CPU.ActiveCfg = Release|Any CPU
		{5E3956CF-4636-4AEC-A105-11BBE2BEA7B5}.Release|Any CPU.Build.0 = Release|Any CPU
	EndGlobalSection
EndGlobal
